
Microsoft Visual Studio Solution File, Format Version 12.00
# Visual Studio Version 17
VisualStudioVersion = 17.10.35122.118
MinimumVisualStudioVersion = 10.0.40219.1
Project("{9A19103F-16F7-4668-BE54-9A1E7A4F7556}") = "EduTrackServer", "..\EduTrackServer\EduTrackServer.csproj", "{B374D562-39B4-4D2B-96EC-2D334A136935}"
EndProject
Project("{9A19103F-16F7-4668-BE54-9A1E7A4F7556}") = "EduTrackServer.CapaBase", "..\EduTrackServer.CapaBase\EduTrackServer.CapaBase.csproj", "{FBB92A3A-162E-4B16-BFE5-0BEB869E25ED}"
EndProject
Project("{9A19103F-16F7-4668-BE54-9A1E7A4F7556}") = "EduTrackServer.CapaDatos", "..\EduTrackServer.CapaDatos\EduTrackServer.CapaDatos.csproj", "{0270ED84-6002-4452-A9CE-56393D9DC070}"
EndProject
Project("{9A19103F-16F7-4668-BE54-9A1E7A4F7556}") = "EduTrackServer.CapaLogica", "..\EduTrackServer.CapaLogica\EduTrackServer.CapaLogica.csproj", "{2C87A9B8-9777-426B-B895-D97D9A688009}"
EndProject
Project("{FAE04EC0-301F-11D3-BF4B-00C04F79EFBC}") = "EduTrackerServer.CapaDTO", "EduTrackerServer.CapaDTO\EduTrackerServer.CapaDTO.csproj", "{8ED7F209-779E-4D7C-B76A-2805A99A2F17}"
EndProject
Global
	GlobalSection(SolutionConfigurationPlatforms) = preSolution
		Debug|Any CPU = Debug|Any CPU
		Release|Any CPU = Release|Any CPU
	EndGlobalSection
	GlobalSection(ProjectConfigurationPlatforms) = postSolution
		{B374D562-39B4-4D2B-96EC-2D334A136935}.Debug|Any CPU.ActiveCfg = Debug|Any CPU
		{B374D562-39B4-4D2B-96EC-2D334A136935}.Debug|Any CPU.Build.0 = Debug|Any CPU
		{B374D562-39B4-4D2B-96EC-2D334A136935}.Release|Any CPU.ActiveCfg = Release|Any CPU
		{B374D562-39B4-4D2B-96EC-2D334A136935}.Release|Any CPU.Build.0 = Release|Any CPU
		{FBB92A3A-162E-4B16-BFE5-0BEB869E25ED}.Debug|Any CPU.ActiveCfg = Debug|Any CPU
		{FBB92A3A-162E-4B16-BFE5-0BEB869E25ED}.Debug|Any CPU.Build.0 = Debug|Any CPU
		{FBB92A3A-162E-4B16-BFE5-0BEB869E25ED}.Release|Any CPU.ActiveCfg = Release|Any CPU
		{FBB92A3A-162E-4B16-BFE5-0BEB869E25ED}.Release|Any CPU.Build.0 = Release|Any CPU
		{0270ED84-6002-4452-A9CE-56393D9DC070}.Debug|Any CPU.ActiveCfg = Debug|Any CPU
		{0270ED84-6002-4452-A9CE-56393D9DC070}.Debug|Any CPU.Build.0 = Debug|Any CPU
		{0270ED84-6002-4452-A9CE-56393D9DC070}.Release|Any CPU.ActiveCfg = Release|Any CPU
		{0270ED84-6002-4452-A9CE-56393D9DC070}.Release|Any CPU.Build.0 = Release|Any CPU
		{2C87A9B8-9777-426B-B895-D97D9A688009}.Debug|Any CPU.ActiveCfg = Debug|Any CPU
		{2C87A9B8-9777-426B-B895-D97D9A688009}.Debug|Any CPU.Build.0 = Debug|Any CPU
		{2C87A9B8-9777-426B-B895-D97D9A688009}.Release|Any CPU.ActiveCfg = Release|Any CPU
		{2C87A9B8-9777-426B-B895-D97D9A688009}.Release|Any CPU.Build.0 = Release|Any CPU
		{8ED7F209-779E-4D7C-B76A-2805A99A2F17}.Debug|Any CPU.ActiveCfg = Debug|Any CPU
		{8ED7F209-779E-4D7C-B76A-2805A99A2F17}.Debug|Any CPU.Build.0 = Debug|Any CPU
		{8ED7F209-779E-4D7C-B76A-2805A99A2F17}.Release|Any CPU.ActiveCfg = Release|Any CPU
		{8ED7F209-779E-4D7C-B76A-2805A99A2F17}.Release|Any CPU.Build.0 = Release|Any CPU
	EndGlobalSection
	GlobalSection(SolutionProperties) = preSolution
		HideSolutionNode = FALSE
	EndGlobalSection
	GlobalSection(ExtensibilityGlobals) = postSolution
		SolutionGuid = {1B17A358-6258-4496-AC8A-705302D14041}
	EndGlobalSection
EndGlobal
